{
  "pins" : [
    {
      "identity" : "ftwaterfalllayout",
      "kind" : "remoteSourceControl",
      "location" : "https://github.com/liufengting/FTWaterFallLayout",
      "state" : {
        "revision" : "7b0efc4fd1ea9f20f94cd9cbead5fe13aee90283",
        "version" : "0.0.9"
      }
    },
    {
      "identity" : "kingfisher",
      "kind" : "remoteSourceControl",
      "location" : "https://github.com/onevcat/Kingfisher.git",
      "state" : {
        "revision" : "44e891bdb61426a95e31492a67c7c0dfad1f87c5",
        "version" : "7.4.1"
      }
    }
  ],
  "version" : 2
}
